
Microsoft Visual Studio Solution File, Format Version 12.00
# Visual Studio Version 16
VisualStudioVersion = 16.0.30002.166
MinimumVisualStudioVersion = 10.0.40219.1
Project("{FAE04EC0-301F-11D3-BF4B-00C04F79EFBC}") = "ToDoListApi", "ToDoListApi.csproj", "{B62E2FE0-0AB6-474D-8F21-BE4E6BB9714C}"
EndProject
Global
	GlobalSection(SolutionConfigurationPlatforms) = preSolution
		Debug|Any CPU = Debug|Any CPU
		Release|Any CPU = Release|Any CPU
	EndGlobalSection
	GlobalSection(ProjectConfigurationPlatforms) = postSolution
		{B62E2FE0-0AB6-474D-8F21-BE4E6BB9714C}.Debug|Any CPU.ActiveCfg = Debug|Any CPU
		{B62E2FE0-0AB6-474D-8F21-BE4E6BB9714C}.Debug|Any CPU.Build.0 = Debug|Any CPU
		{B62E2FE0-0AB6-474D-8F21-BE4E6BB9714C}.Release|Any CPU.ActiveCfg = Release|Any CPU
		{B62E2FE0-0AB6-474D-8F21-BE4E6BB9714C}.Release|Any CPU.Build.0 = Release|Any CPU
	EndGlobalSection
	GlobalSection(SolutionProperties) = preSolution
		HideSolutionNode = FALSE
	EndGlobalSection
	GlobalSection(ExtensibilityGlobals) = postSolution
		SolutionGuid = {5758E2CA-2EF9-41B2-80B7-11A1BFD966E9}
	EndGlobalSection
EndGlobal
